// !$*UTF8*$!
{
	archiveVersion = 1;
	classes = {
	};
	objectVersion = 48;
	objects = {

/* Begin PBXBuildFile section */
		160773272073FA1600CC3557 /* AppDelegate.swift in Sources */ = {isa = PBXBuildFile; fileRef = 160773262073FA1600CC3557 /* AppDelegate.swift */; };
		160773292073FA1600CC3557 /* TripsViewController.swift in Sources */ = {isa = PBXBuildFile; fileRef = 160773282073FA1600CC3557 /* TripsViewController.swift */; };
		1607732C2073FA1600CC3557 /* Main.storyboard in Resources */ = {isa = PBXBuildFile; fileRef = 1607732A2073FA1600CC3557 /* Main.storyboard */; };
		160773312073FA1600CC3557 /* Assets.xcassets in Resources */ = {isa = PBXBuildFile; fileRef = 160773302073FA1600CC3557 /* Assets.xcassets */; };
		160773342073FA1600CC3557 /* LaunchScreen.storyboard in Resources */ = {isa = PBXBuildFile; fileRef = 160773322073FA1600CC3557 /* LaunchScreen.storyboard */; };
		1629793920951E3C000DD3D2 /* Travel_Wallet.xcdatamodeld in Sources */ = {isa = PBXBuildFile; fileRef = 1629793720951E3C000DD3D2 /* Travel_Wallet.xcdatamodeld */; };
		1629793C2095205E000DD3D2 /* Trip+CoreDataClass.swift in Sources */ = {isa = PBXBuildFile; fileRef = 1629793A2095205E000DD3D2 /* Trip+CoreDataClass.swift */; };
		1629793D2095205E000DD3D2 /* Trip+CoreDataProperties.swift in Sources */ = {isa = PBXBuildFile; fileRef = 1629793B2095205E000DD3D2 /* Trip+CoreDataProperties.swift */; };
		1629793F20952E31000DD3D2 /* NewTripsViewController.swift in Sources */ = {isa = PBXBuildFile; fileRef = 1629793E20952E31000DD3D2 /* NewTripsViewController.swift */; };
		1629794120966732000DD3D2 /* NewTransitViewController.swift in Sources */ = {isa = PBXBuildFile; fileRef = 1629794020966732000DD3D2 /* NewTransitViewController.swift */; };
		1629794320966766000DD3D2 /* AddTransitTableViewController.swift in Sources */ = {isa = PBXBuildFile; fileRef = 1629794220966766000DD3D2 /* AddTransitTableViewController.swift */; };
		1629794520966F35000DD3D2 /* TravelWalletViewController.swift in Sources */ = {isa = PBXBuildFile; fileRef = 1629794420966F35000DD3D2 /* TravelWalletViewController.swift */; };
		16297948209673DA000DD3D2 /* Transit+CoreDataClass.swift in Sources */ = {isa = PBXBuildFile; fileRef = 16297946209673DA000DD3D2 /* Transit+CoreDataClass.swift */; };
		16297949209673DA000DD3D2 /* Transit+CoreDataProperties.swift in Sources */ = {isa = PBXBuildFile; fileRef = 16297947209673DA000DD3D2 /* Transit+CoreDataProperties.swift */; };
		1629797A209F97FE000DD3D2 /* NewActivityViewController.swift in Sources */ = {isa = PBXBuildFile; fileRef = 16297979209F97FE000DD3D2 /* NewActivityViewController.swift */; };
		1629797C209F9838000DD3D2 /* AddActivityTableViewController.swift in Sources */ = {isa = PBXBuildFile; fileRef = 1629797B209F9838000DD3D2 /* AddActivityTableViewController.swift */; };
		165A2884209251AD00E14E13 /* AddtripViewController.swift in Sources */ = {isa = PBXBuildFile; fileRef = 165A2883209251AD00E14E13 /* AddtripViewController.swift */; };
		218FEE17209FA1190059818B /* Activity+CoreDataClass.swift in Sources */ = {isa = PBXBuildFile; fileRef = 218FEE15209FA1190059818B /* Activity+CoreDataClass.swift */; };
		218FEE18209FA1190059818B /* Activity+CoreDataProperties.swift in Sources */ = {isa = PBXBuildFile; fileRef = 218FEE16209FA1190059818B /* Activity+CoreDataProperties.swift */; };
		C6EB31DA209B83DA00CAC109 /* Hotel+CoreDataClass.swift in Sources */ = {isa = PBXBuildFile; fileRef = C6EB31D8209B83DA00CAC109 /* Hotel+CoreDataClass.swift */; };
		C6EB31DB209B83DA00CAC109 /* Hotel+CoreDataProperties.swift in Sources */ = {isa = PBXBuildFile; fileRef = C6EB31D9209B83DA00CAC109 /* Hotel+CoreDataProperties.swift */; };
		C6EB31DD209B87BF00CAC109 /* NewHotelViewController.swift in Sources */ = {isa = PBXBuildFile; fileRef = C6EB31DC209B87BF00CAC109 /* NewHotelViewController.swift */; };
		C6EB31DF209B886100CAC109 /* HotelTableViewController.swift in Sources */ = {isa = PBXBuildFile; fileRef = C6EB31DE209B886100CAC109 /* HotelTableViewController.swift */; };
		C6EB31E3209B8BDF00CAC109 /* MapViewController.swift in Sources */ = {isa = PBXBuildFile; fileRef = C6EB31E2209B8BDF00CAC109 /* MapViewController.swift */; };
		C6EB31EA209BAE4F00CAC109 /* NameOfTrip+CoreDataClass.swift in Sources */ = {isa = PBXBuildFile; fileRef = C6EB31E8209BAE4F00CAC109 /* NameOfTrip+CoreDataClass.swift */; };
		C6EB31EB209BAE4F00CAC109 /* NameOfTrip+CoreDataProperties.swift in Sources */ = {isa = PBXBuildFile; fileRef = C6EB31E9209BAE4F00CAC109 /* NameOfTrip+CoreDataProperties.swift */; };
/* End PBXBuildFile section */

/* Begin PBXFileReference section */
		160773232073FA1500CC3557 /* Travel Wallet.app */ = {isa = PBXFileReference; explicitFileType = wrapper.application; includeInIndex = 0; path = "Travel Wallet.app"; sourceTree = BUILT_PRODUCTS_DIR; };
		160773262073FA1600CC3557 /* AppDelegate.swift */ = {isa = PBXFileReference; lastKnownFileType = sourcecode.swift; path = AppDelegate.swift; sourceTree = "<group>"; };
		160773282073FA1600CC3557 /* TripsViewController.swift */ = {isa = PBXFileReference; lastKnownFileType = sourcecode.swift; path = TripsViewController.swift; sourceTree = "<group>"; };
		1607732B2073FA1600CC3557 /* Base */ = {isa = PBXFileReference; lastKnownFileType = file.storyboard; name = Base; path = Base.lproj/Main.storyboard; sourceTree = "<group>"; };
		160773302073FA1600CC3557 /* Assets.xcassets */ = {isa = PBXFileReference; lastKnownFileType = folder.assetcatalog; path = Assets.xcassets; sourceTree = "<group>"; };
		160773332073FA1600CC3557 /* Base */ = {isa = PBXFileReference; lastKnownFileType = file.storyboard; name = Base; path = Base.lproj/LaunchScreen.storyboard; sourceTree = "<group>"; };
		160773352073FA1600CC3557 /* Info.plist */ = {isa = PBXFileReference; lastKnownFileType = text.plist.xml; path = Info.plist; sourceTree = "<group>"; };
		1629793820951E3C000DD3D2 /* Travel_Wallet.xcdatamodel */ = {isa = PBXFileReference; lastKnownFileType = wrapper.xcdatamodel; path = Travel_Wallet.xcdatamodel; sourceTree = "<group>"; };
		1629793A2095205E000DD3D2 /* Trip+CoreDataClass.swift */ = {isa = PBXFileReference; lastKnownFileType = sourcecode.swift; path = "Trip+CoreDataClass.swift"; sourceTree = "<group>"; };
		1629793B2095205E000DD3D2 /* Trip+CoreDataProperties.swift */ = {isa = PBXFileReference; lastKnownFileType = sourcecode.swift; path = "Trip+CoreDataProperties.swift"; sourceTree = "<group>"; };
		1629793E20952E31000DD3D2 /* NewTripsViewController.swift */ = {isa = PBXFileReference; lastKnownFileType = sourcecode.swift; path = NewTripsViewController.swift; sourceTree = "<group>"; };
		1629794020966732000DD3D2 /* NewTransitViewController.swift */ = {isa = PBXFileReference; lastKnownFileType = sourcecode.swift; path = NewTransitViewController.swift; sourceTree = "<group>"; };
		1629794220966766000DD3D2 /* AddTransitTableViewController.swift */ = {isa = PBXFileReference; lastKnownFileType = sourcecode.swift; path = AddTransitTableViewController.swift; sourceTree = "<group>"; };
		1629794420966F35000DD3D2 /* TravelWalletViewController.swift */ = {isa = PBXFileReference; lastKnownFileType = sourcecode.swift; path = TravelWalletViewController.swift; sourceTree = "<group>"; };
		16297946209673DA000DD3D2 /* Transit+CoreDataClass.swift */ = {isa = PBXFileReference; lastKnownFileType = sourcecode.swift; path = "Transit+CoreDataClass.swift"; sourceTree = "<group>"; };
		16297947209673DA000DD3D2 /* Transit+CoreDataProperties.swift */ = {isa = PBXFileReference; lastKnownFileType = sourcecode.swift; path = "Transit+CoreDataProperties.swift"; sourceTree = "<group>"; };
		16297979209F97FE000DD3D2 /* NewActivityViewController.swift */ = {isa = PBXFileReference; lastKnownFileType = sourcecode.swift; path = NewActivityViewController.swift; sourceTree = "<group>"; };
		1629797B209F9838000DD3D2 /* AddActivityTableViewController.swift */ = {isa = PBXFileReference; lastKnownFileType = sourcecode.swift; path = AddActivityTableViewController.swift; sourceTree = "<group>"; };
		165A2883209251AD00E14E13 /* AddtripViewController.swift */ = {isa = PBXFileReference; lastKnownFileType = sourcecode.swift; path = AddtripViewController.swift; sourceTree = "<group>"; };
		218FEE15209FA1190059818B /* Activity+CoreDataClass.swift */ = {isa = PBXFileReference; lastKnownFileType = sourcecode.swift; path = "Activity+CoreDataClass.swift"; sourceTree = "<group>"; };
		218FEE16209FA1190059818B /* Activity+CoreDataProperties.swift */ = {isa = PBXFileReference; lastKnownFileType = sourcecode.swift; path = "Activity+CoreDataProperties.swift"; sourceTree = "<group>"; };
		C6EB31D8209B83DA00CAC109 /* Hotel+CoreDataClass.swift */ = {isa = PBXFileReference; lastKnownFileType = sourcecode.swift; path = "Hotel+CoreDataClass.swift"; sourceTree = "<group>"; };
		C6EB31D9209B83DA00CAC109 /* Hotel+CoreDataProperties.swift */ = {isa = PBXFileReference; lastKnownFileType = sourcecode.swift; path = "Hotel+CoreDataProperties.swift"; sourceTree = "<group>"; };
		C6EB31DC209B87BF00CAC109 /* NewHotelViewController.swift */ = {isa = PBXFileReference; lastKnownFileType = sourcecode.swift; path = NewHotelViewController.swift; sourceTree = "<group>"; };
		C6EB31DE209B886100CAC109 /* HotelTableViewController.swift */ = {isa = PBXFileReference; lastKnownFileType = sourcecode.swift; path = HotelTableViewController.swift; sourceTree = "<group>"; };
		C6EB31E2209B8BDF00CAC109 /* MapViewController.swift */ = {isa = PBXFileReference; lastKnownFileType = sourcecode.swift; path = MapViewController.swift; sourceTree = "<group>"; };
		C6EB31E8209BAE4F00CAC109 /* NameOfTrip+CoreDataClass.swift */ = {isa = PBXFileReference; lastKnownFileType = sourcecode.swift; path = "NameOfTrip+CoreDataClass.swift"; sourceTree = "<group>"; };
		C6EB31E9209BAE4F00CAC109 /* NameOfTrip+CoreDataProperties.swift */ = {isa = PBXFileReference; lastKnownFileType = sourcecode.swift; path = "NameOfTrip+CoreDataProperties.swift"; sourceTree = "<group>"; };
/* End PBXFileReference section */

/* Begin PBXFrameworksBuildPhase section */
		160773202073FA1500CC3557 /* Frameworks */ = {
			isa = PBXFrameworksBuildPhase;
			buildActionMask = 2147483647;
			files = (
			);
			runOnlyForDeploymentPostprocessing = 0;
		};
/* End PBXFrameworksBuildPhase section */

/* Begin PBXGroup section */
		1607731A2073FA1500CC3557 = {
			isa = PBXGroup;
			children = (
				160773252073FA1500CC3557 /* Travel Wallet */,
				160773242073FA1500CC3557 /* Products */,
			);
			sourceTree = "<group>";
		};
		160773242073FA1500CC3557 /* Products */ = {
			isa = PBXGroup;
			children = (
				160773232073FA1500CC3557 /* Travel Wallet.app */,
			);
			name = Products;
			sourceTree = "<group>";
		};
		160773252073FA1500CC3557 /* Travel Wallet */ = {
			isa = PBXGroup;
			children = (
				218FEE15209FA1190059818B /* Activity+CoreDataClass.swift */,
				218FEE16209FA1190059818B /* Activity+CoreDataProperties.swift */,
				C6EB31E8209BAE4F00CAC109 /* NameOfTrip+CoreDataClass.swift */,
				C6EB31E9209BAE4F00CAC109 /* NameOfTrip+CoreDataProperties.swift */,
				C6EB31D8209B83DA00CAC109 /* Hotel+CoreDataClass.swift */,
				C6EB31D9209B83DA00CAC109 /* Hotel+CoreDataProperties.swift */,
				16297946209673DA000DD3D2 /* Transit+CoreDataClass.swift */,
				16297947209673DA000DD3D2 /* Transit+CoreDataProperties.swift */,
				1629793A2095205E000DD3D2 /* Trip+CoreDataClass.swift */,
				1629793B2095205E000DD3D2 /* Trip+CoreDataProperties.swift */,
				1607732A2073FA1600CC3557 /* Main.storyboard */,
				160773302073FA1600CC3557 /* Assets.xcassets */,
				160773322073FA1600CC3557 /* LaunchScreen.storyboard */,
				160773352073FA1600CC3557 /* Info.plist */,
				1629793720951E3C000DD3D2 /* Travel_Wallet.xcdatamodeld */,
				C6EB31DC209B87BF00CAC109 /* NewHotelViewController.swift */,
				C6EB31DE209B886100CAC109 /* HotelTableViewController.swift */,
				1629797B209F9838000DD3D2 /* AddActivityTableViewController.swift */,
				C6EB31E2209B8BDF00CAC109 /* MapViewController.swift */,
				160773262073FA1600CC3557 /* AppDelegate.swift */,
				160773282073FA1600CC3557 /* TripsViewController.swift */,
				1629793E20952E31000DD3D2 /* NewTripsViewController.swift */,
				1629794020966732000DD3D2 /* NewTransitViewController.swift */,
				16297979209F97FE000DD3D2 /* NewActivityViewController.swift */,
				1629794220966766000DD3D2 /* AddTransitTableViewController.swift */,
				165A2883209251AD00E14E13 /* AddtripViewController.swift */,
				1629794420966F35000DD3D2 /* TravelWalletViewController.swift */,
			);
			path = "Travel Wallet";
			sourceTree = "<group>";
		};
/* End PBXGroup section */

/* Begin PBXNativeTarget section */
		160773222073FA1500CC3557 /* Travel Wallet */ = {
			isa = PBXNativeTarget;
			buildConfigurationList = 160773382073FA1600CC3557 /* Build configuration list for PBXNativeTarget "Travel Wallet" */;
			buildPhases = (
				1607731F2073FA1500CC3557 /* Sources */,
				160773202073FA1500CC3557 /* Frameworks */,
				160773212073FA1500CC3557 /* Resources */,
			);
			buildRules = (
			);
			dependencies = (
			);
			name = "Travel Wallet";
			productName = "Travel Wallet";
			productReference = 160773232073FA1500CC3557 /* Travel Wallet.app */;
			productType = "com.apple.product-type.application";
		};
/* End PBXNativeTarget section */

/* Begin PBXProject section */
		1607731B2073FA1500CC3557 /* Project object */ = {
			isa = PBXProject;
			attributes = {
				LastSwiftUpdateCheck = 0920;
				LastUpgradeCheck = 0920;
				ORGANIZATIONNAME = "Anand Kulkarni";
				TargetAttributes = {
					160773222073FA1500CC3557 = {
						CreatedOnToolsVersion = 9.2;
						ProvisioningStyle = Automatic;
					};
				};
			};
			buildConfigurationList = 1607731E2073FA1500CC3557 /* Build configuration list for PBXProject "Travel Wallet" */;
			compatibilityVersion = "Xcode 8.0";
			developmentRegion = en;
			hasScannedForEncodings = 0;
			knownRegions = (
				en,
				Base,
			);
			mainGroup = 1607731A2073FA1500CC3557;
			productRefGroup = 160773242073FA1500CC3557 /* Products */;
			projectDirPath = "";
			projectRoot = "";
			targets = (
				160773222073FA1500CC3557 /* Travel Wallet */,
			);
		};
/* End PBXProject section */

/* Begin PBXResourcesBuildPhase section */
		160773212073FA1500CC3557 /* Resources */ = {
			isa = PBXResourcesBuildPhase;
			buildActionMask = 2147483647;
			files = (
				160773342073FA1600CC3557 /* LaunchScreen.storyboard in Resources */,
				160773312073FA1600CC3557 /* Assets.xcassets in Resources */,
				1607732C2073FA1600CC3557 /* Main.storyboard in Resources */,
			);
			runOnlyForDeploymentPostprocessing = 0;
		};
/* End PBXResourcesBuildPhase section */

/* Begin PBXSourcesBuildPhase section */
		1607731F2073FA1500CC3557 /* Sources */ = {
			isa = PBXSourcesBuildPhase;
			buildActionMask = 2147483647;
			files = (
				165A2884209251AD00E14E13 /* AddtripViewController.swift in Sources */,
				1629797C209F9838000DD3D2 /* AddActivityTableViewController.swift in Sources */,
				C6EB31EB209BAE4F00CAC109 /* NameOfTrip+CoreDataProperties.swift in Sources */,
				1629793C2095205E000DD3D2 /* Trip+CoreDataClass.swift in Sources */,
				C6EB31DA209B83DA00CAC109 /* Hotel+CoreDataClass.swift in Sources */,
				1629797A209F97FE000DD3D2 /* NewActivityViewController.swift in Sources */,
				1629793D2095205E000DD3D2 /* Trip+CoreDataProperties.swift in Sources */,
				1629794320966766000DD3D2 /* AddTransitTableViewController.swift in Sources */,
				1629793F20952E31000DD3D2 /* NewTripsViewController.swift in Sources */,
				1629794120966732000DD3D2 /* NewTransitViewController.swift in Sources */,
				C6EB31DD209B87BF00CAC109 /* NewHotelViewController.swift in Sources */,
				1629794520966F35000DD3D2 /* TravelWalletViewController.swift in Sources */,
				16297948209673DA000DD3D2 /* Transit+CoreDataClass.swift in Sources */,
				218FEE18209FA1190059818B /* Activity+CoreDataProperties.swift in Sources */,
				C6EB31DB209B83DA00CAC109 /* Hotel+CoreDataProperties.swift in Sources */,
				218FEE17209FA1190059818B /* Activity+CoreDataClass.swift in Sources */,
				160773292073FA1600CC3557 /* TripsViewController.swift in Sources */,
				C6EB31DF209B886100CAC109 /* HotelTableViewController.swift in Sources */,
				1629793920951E3C000DD3D2 /* Travel_Wallet.xcdatamodeld in Sources */,
				160773272073FA1600CC3557 /* AppDelegate.swift in Sources */,
				16297949209673DA000DD3D2 /* Transit+CoreDataProperties.swift in Sources */,
				C6EB31EA209BAE4F00CAC109 /* NameOfTrip+CoreDataClass.swift in Sources */,
				C6EB31E3209B8BDF00CAC109 /* MapViewController.swift in Sources */,
			);
			runOnlyForDeploymentPostprocessing = 0;
		};
/* End PBXSourcesBuildPhase section */

/* Begin PBXVariantGroup section */
		1607732A2073FA1600CC3557 /* Main.storyboard */ = {
			isa = PBXVariantGroup;
			children = (
				1607732B2073FA1600CC3557 /* Base */,
			);
			name = Main.storyboard;
			sourceTree = "<group>";
		};
		160773322073FA1600CC3557 /* LaunchScreen.storyboard */ = {
			isa = PBXVariantGroup;
			children = (
				160773332073FA1600CC3557 /* Base */,
			);
			name = LaunchScreen.storyboard;
			sourceTree = "<group>";
		};
/* End PBXVariantGroup section */

/* Begin XCBuildConfiguration section */
		160773362073FA1600CC3557 /* Debug */ = {
			isa = XCBuildConfiguration;
			buildSettings = {
				ALWAYS_SEARCH_USER_PATHS = NO;
				CLANG_ANALYZER_NONNULL = YES;
				CLANG_ANALYZER_NUMBER_OBJECT_CONVERSION = YES_AGGRESSIVE;
				CLANG_CXX_LANGUAGE_STANDARD = "gnu++14";
				CLANG_CXX_LIBRARY = "libc++";
				CLANG_ENABLE_MODULES = YES;
				CLANG_ENABLE_OBJC_ARC = YES;
				CLANG_WARN_BLOCK_CAPTURE_AUTORELEASING = YES;
				CLANG_WARN_BOOL_CONVERSION = YES;
				CLANG_WARN_COMMA = YES;
				CLANG_WARN_CONSTANT_CONVERSION = YES;
				CLANG_WARN_DEPRECATED_OBJC_IMPLEMENTATIONS = YES;
				CLANG_WARN_DIRECT_OBJC_ISA_USAGE = YES_ERROR;
				CLANG_WARN_DOCUMENTATION_COMMENTS = YES;
				CLANG_WARN_EMPTY_BODY = YES;
				CLANG_WARN_ENUM_CONVERSION = YES;
				CLANG_WARN_INFINITE_RECURSION = YES;
				CLANG_WARN_INT_CONVERSION = YES;
				CLANG_WARN_NON_LITERAL_NULL_CONVERSION = YES;
				CLANG_WARN_OBJC_IMPLICIT_RETAIN_SELF = YES;
				CLANG_WARN_OBJC_LITERAL_CONVERSION = YES;
				CLANG_WARN_OBJC_ROOT_CLASS = YES_ERROR;
				CLANG_WARN_RANGE_LOOP_ANALYSIS = YES;
				CLANG_WARN_STRICT_PROTOTYPES = YES;
				CLANG_WARN_SUSPICIOUS_MOVE = YES;
				CLANG_WARN_UNGUARDED_AVAILABILITY = YES_AGGRESSIVE;
				CLANG_WARN_UNREACHABLE_CODE = YES;
				CLANG_WARN__DUPLICATE_METHOD_MATCH = YES;
				CODE_SIGN_IDENTITY = "iPhone Developer";
				COPY_PHASE_STRIP = NO;
				DEBUG_INFORMATION_FORMAT = dwarf;
				ENABLE_STRICT_OBJC_MSGSEND = YES;
				ENABLE_TESTABILITY = YES;
				GCC_C_LANGUAGE_STANDARD = gnu11;
				GCC_DYNAMIC_NO_PIC = NO;
				GCC_NO_COMMON_BLOCKS = YES;
				GCC_OPTIMIZATION_LEVEL = 0;
				GCC_PREPROCESSOR_DEFINITIONS = (
					"DEBUG=1",
					"$(inherited)",
				);
				GCC_WARN_64_TO_32_BIT_CONVERSION = YES;
				GCC_WARN_ABOUT_RETURN_TYPE = YES_ERROR;
				GCC_WARN_UNDECLARED_SELECTOR = YES;
				GCC_WARN_UNINITIALIZED_AUTOS = YES_AGGRESSIVE;
				GCC_WARN_UNUSED_FUNCTION = YES;
				GCC_WARN_UNUSED_VARIABLE = YES;
				IPHONEOS_DEPLOYMENT_TARGET = 11.2;
				MTL_ENABLE_DEBUG_INFO = YES;
				ONLY_ACTIVE_ARCH = YES;
				SDKROOT = iphoneos;
				SWIFT_ACTIVE_COMPILATION_CONDITIONS = DEBUG;
				SWIFT_OPTIMIZATION_LEVEL = "-Onone";
			};
			name = Debug;
		};
		160773372073FA1600CC3557 /* Release */ = {
			isa = XCBuildConfiguration;
			buildSettings = {
				ALWAYS_SEARCH_USER_PATHS = NO;
				CLANG_ANALYZER_NONNULL = YES;
				CLANG_ANALYZER_NUMBER_OBJECT_CONVERSION = YES_AGGRESSIVE;
				CLANG_CXX_LANGUAGE_STANDARD = "gnu++14";
				CLANG_CXX_LIBRARY = "libc++";
				CLANG_ENABLE_MODULES = YES;
				CLANG_ENABLE_OBJC_ARC = YES;
				CLANG_WARN_BLOCK_CAPTURE_AUTORELEASING = YES;
				CLANG_WARN_BOOL_CONVERSION = YES;
				CLANG_WARN_COMMA = YES;
				CLANG_WARN_CONSTANT_CONVERSION = YES;
				CLANG_WARN_DEPRECATED_OBJC_IMPLEMENTATIONS = YES;
				CLANG_WARN_DIRECT_OBJC_ISA_USAGE = YES_ERROR;
				CLANG_WARN_DOCUMENTATION_COMMENTS = YES;
				CLANG_WARN_EMPTY_BODY = YES;
				CLANG_WARN_ENUM_CONVERSION = YES;
				CLANG_WARN_INFINITE_RECURSION = YES;
				CLANG_WARN_INT_CONVERSION = YES;
				CLANG_WARN_NON_LITERAL_NULL_CONVERSION = YES;
				CLANG_WARN_OBJC_IMPLICIT_RETAIN_SELF = YES;
				CLANG_WARN_OBJC_LITERAL_CONVERSION = YES;
				CLANG_WARN_OBJC_ROOT_CLASS = YES_ERROR;
				CLANG_WARN_RANGE_LOOP_ANALYSIS = YES;
				CLANG_WARN_STRICT_PROTOTYPES = YES;
				CLANG_WARN_SUSPICIOUS_MOVE = YES;
				CLANG_WARN_UNGUARDED_AVAILABILITY = YES_AGGRESSIVE;
				CLANG_WARN_UNREACHABLE_CODE = YES;
				CLANG_WARN__DUPLICATE_METHOD_MATCH = YES;
				CODE_SIGN_IDENTITY = "iPhone Developer";
				COPY_PHASE_STRIP = NO;
				DEBUG_INFORMATION_FORMAT = "dwarf-with-dsym";
				ENABLE_NS_ASSERTIONS = NO;
				ENABLE_STRICT_OBJC_MSGSEND = YES;
				GCC_C_LANGUAGE_STANDARD = gnu11;
				GCC_NO_COMMON_BLOCKS = YES;
				GCC_WARN_64_TO_32_BIT_CONVERSION = YES;
				GCC_WARN_ABOUT_RETURN_TYPE = YES_ERROR;
				GCC_WARN_UNDECLARED_SELECTOR = YES;
				GCC_WARN_UNINITIALIZED_AUTOS = YES_AGGRESSIVE;
				GCC_WARN_UNUSED_FUNCTION = YES;
				GCC_WARN_UNUSED_VARIABLE = YES;
				IPHONEOS_DEPLOYMENT_TARGET = 11.2;
				MTL_ENABLE_DEBUG_INFO = NO;
				SDKROOT = iphoneos;
				SWIFT_OPTIMIZATION_LEVEL = "-Owholemodule";
				VALIDATE_PRODUCT = YES;
			};
			name = Release;
		};
		160773392073FA1600CC3557 /* Debug */ = {
			isa = XCBuildConfiguration;
			buildSettings = {
				ASSETCATALOG_COMPILER_APPICON_NAME = AppIcon;
				CODE_SIGN_STYLE = Automatic;
				INFOPLIST_FILE = "Travel Wallet/Info.plist";
				LD_RUNPATH_SEARCH_PATHS = "$(inherited) @executable_path/Frameworks";
				PRODUCT_BUNDLE_IDENTIFIER = "edu.missouri.Travel-Wallet";
				PRODUCT_NAME = "$(TARGET_NAME)";
				SWIFT_VERSION = 4.0;
				TARGETED_DEVICE_FAMILY = "1,2";
			};
			name = Debug;
		};
		1607733A2073FA1600CC3557 /* Release */ = {
			isa = XCBuildConfiguration;
			buildSettings = {
				ASSETCATALOG_COMPILER_APPICON_NAME = AppIcon;
				CODE_SIGN_STYLE = Automatic;
				INFOPLIST_FILE = "Travel Wallet/Info.plist";
				LD_RUNPATH_SEARCH_PATHS = "$(inherited) @executable_path/Frameworks";
				PRODUCT_BUNDLE_IDENTIFIER = "edu.missouri.Travel-Wallet";
				PRODUCT_NAME = "$(TARGET_NAME)";
				SWIFT_VERSION = 4.0;
				TARGETED_DEVICE_FAMILY = "1,2";
			};
			name = Release;
		};
/* End XCBuildConfiguration section */

/* Begin XCConfigurationList section */
		1607731E2073FA1500CC3557 /* Build configuration list for PBXProject "Travel Wallet" */ = {
			isa = XCConfigurationList;
			buildConfigurations = (
				160773362073FA1600CC3557 /* Debug */,
				160773372073FA1600CC3557 /* Release */,
			);
			defaultConfigurationIsVisible = 0;
			defaultConfigurationName = Release;
		};
		160773382073FA1600CC3557 /* Build configuration list for PBXNativeTarget "Travel Wallet" */ = {
			isa = XCConfigurationList;
			buildConfigurations = (
				160773392073FA1600CC3557 /* Debug */,
				1607733A2073FA1600CC3557 /* Release */,
			);
			defaultConfigurationIsVisible = 0;
			defaultConfigurationName = Release;
		};
/* End XCConfigurationList section */

/* Begin XCVersionGroup section */
		1629793720951E3C000DD3D2 /* Travel_Wallet.xcdatamodeld */ = {
			isa = XCVersionGroup;
			children = (
				1629793820951E3C000DD3D2 /* Travel_Wallet.xcdatamodel */,
			);
			currentVersion = 1629793820951E3C000DD3D2 /* Travel_Wallet.xcdatamodel */;
			path = Travel_Wallet.xcdatamodeld;
			sourceTree = "<group>";
			versionGroupType = wrapper.xcdatamodel;
		};
/* End XCVersionGroup section */
	};
	rootObject = 1607731B2073FA1500CC3557 /* Project object */;
}
